{
   "modules" : {
      "App::cpanminus" : {
         "dist" : "App-cpanminus-1.5021",
         "mymeta" : {
            "abstract" : "Get, unpack, build and install modules from CPAN.",
            "author" : [
               "unknown"
            ],
            "dynamic_config" : 0,
            "generated_by" : "ExtUtils::MakeMaker version 6.64, CPAN::Meta::Converter version 2.120921",
            "license" : [
               "perl_5"
            ],
            "meta-spec" : {
               "url" : "http://search.cpan.org/perldoc?CPAN::Meta::Spec",
               "version" : "2"
            },
            "name" : "App-cpanminus",
            "no_index" : {
               "directory" : [
                  "t",
                  "inc"
               ]
            },
            "prereqs" : {
               "build" : {
                  "requires" : {
                     "ExtUtils::MakeMaker" : "0"
                  }
               },
               "configure" : {
                  "requires" : {
                     "ExtUtils::MakeMaker" : "0"
                  }
               },
               "runtime" : {
                  "requires" : {
                     "ExtUtils::Install" : "1.46",
                     "ExtUtils::MakeMaker" : "6.31",
                     "Module::Build" : "0.36"
                  }
               }
            },
            "release_status" : "stable",
            "resources" : {
               "bugtracker" : {
                  "web" : "https://github.com/miyagawa/cpanminus/issues"
               },
               "repository" : {
                  "type" : "git",
                  "url" : "git://github.com/miyagawa/cpanminus.git"
               }
            },
            "version" : "1.5021"
         },
         "name" : "App::cpanminus",
         "pathname" : "M/MI/MIYAGAWA/App-cpanminus-1.5021.tar.gz",
         "provides" : {
            "App::cpanminus" : {
               "file" : "App/cpanminus.pm",
               "version" : "1.5021"
            }
         },
         "target" : "App::cpanminus",
         "version" : "1.5021"
      },
      "CPAN::Perl::Releases" : {
         "dist" : "CPAN-Perl-Releases-0.92",
         "mymeta" : {
            "abstract" : "Mapping Perl releases on CPAN to the location of the tarballs",
            "author" : [
               "Chris Williams <chris@bingosnet.co.uk>"
            ],
            "dynamic_config" : 0,
            "generated_by" : "Dist::Zilla version 4.300028, CPAN::Meta::Converter version 2.120921, CPAN::Meta::Converter version 2.120630",
            "license" : [
               "perl_5"
            ],
            "meta-spec" : {
               "url" : "http://search.cpan.org/perldoc?CPAN::Meta::Spec",
               "version" : "2"
            },
            "name" : "CPAN-Perl-Releases",
            "prereqs" : {
               "build" : {
                  "requires" : {
                     "Test::More" : "0.47"
                  }
               },
               "configure" : {
                  "requires" : {
                     "ExtUtils::MakeMaker" : "6.30"
                  }
               },
               "runtime" : {
                  "requires" : {}
               }
            },
            "release_status" : "stable",
            "resources" : {
               "homepage" : "https://github.com/bingos/cpan-perl-releases",
               "repository" : {
                  "url" : "https://github.com/bingos/cpan-perl-releases.git"
               }
            },
            "version" : "0.92"
         },
         "name" : "CPAN::Perl::Releases",
         "pathname" : "B/BI/BINGOS/CPAN-Perl-Releases-0.92.tar.gz",
         "provides" : {
            "CPAN::Perl::Releases" : {
               "file" : "CPAN/Perl/Releases.pm",
               "version" : "0.92"
            }
         },
         "target" : "CPAN::Perl::Releases",
         "version" : "0.92"
      },
      "Devel::PatchPerl" : {
         "dist" : "Devel-PatchPerl-0.76",
         "mymeta" : {
            "abstract" : "Patch perl source a la Devel::PPPort's buildperl.pl",
            "author" : [
               "Chris Williams <chris@bingosnet.co.uk>"
            ],
            "dynamic_config" : 0,
            "generated_by" : "Dist::Zilla version 4.300021, CPAN::Meta::Converter version 2.120921, CPAN::Meta::Converter version 2.120630",
            "license" : [
               "perl_5"
            ],
            "meta-spec" : {
               "url" : "http://search.cpan.org/perldoc?CPAN::Meta::Spec",
               "version" : "2"
            },
            "name" : "Devel-PatchPerl",
            "prereqs" : {
               "build" : {
                  "requires" : {}
               },
               "configure" : {
                  "requires" : {
                     "ExtUtils::MakeMaker" : "6.30"
                  }
               },
               "runtime" : {
                  "requires" : {
                     "File::pushd" : "1.00",
                     "IO::File" : "0",
                     "IPC::Cmd" : "0.40",
                     "MIME::Base64" : "0",
                     "Module::Pluggable" : "0"
                  }
               }
            },
            "release_status" : "stable",
            "resources" : {
               "homepage" : "https://github.com/bingos/devel-patchperl",
               "repository" : {
                  "url" : "https://github.com/bingos/devel-patchperl.git"
               }
            },
            "version" : "0.76"
         },
         "name" : "Devel::PatchPerl",
         "pathname" : "B/BI/BINGOS/Devel-PatchPerl-0.76.tar.gz",
         "provides" : {
            "Devel::PatchPerl" : {
               "file" : "Devel/PatchPerl.pm",
               "version" : "0.76"
            },
            "Devel::PatchPerl::Hints" : {
               "file" : "Devel/PatchPerl/Hints.pm",
               "version" : "0.76"
            },
            "Devel::PatchPerl::Plugin" : {
               "file" : "Devel/PatchPerl/Plugin.pm",
               "version" : "0.76"
            }
         },
         "target" : "Devel::PatchPerl",
         "version" : "0.76"
      },
      "File::pushd" : {
         "dist" : "File-pushd-1.003",
         "mymeta" : {
            "abstract" : "change directory temporarily for a limited scope",
            "author" : [
               "David A Golden <dagolden@cpan.org>"
            ],
            "dynamic_config" : 0,
            "generated_by" : "Dist::Zilla version 4.300025, CPAN::Meta::Converter version 2.120921, CPAN::Meta::Converter version 2.120630",
            "license" : [
               "apache_2_0"
            ],
            "meta-spec" : {
               "url" : "http://search.cpan.org/perldoc?CPAN::Meta::Spec",
               "version" : "2"
            },
            "name" : "File-pushd",
            "no_index" : {
               "directory" : [
                  "t",
                  "xt",
                  "examples",
                  "corpus"
               ],
               "package" : [
                  "DB"
               ]
            },
            "prereqs" : {
               "build" : {
                  "requires" : {
                     "File::Basename" : "0",
                     "File::Find" : "0",
                     "File::Spec::Functions" : "0",
                     "Test::More" : "0"
                  }
               },
               "configure" : {
                  "requires" : {
                     "ExtUtils::MakeMaker" : "6.30"
                  }
               },
               "runtime" : {
                  "requires" : {
                     "Carp" : "0",
                     "Cwd" : "0",
                     "Exporter" : "0",
                     "File::Path" : "0",
                     "File::Spec" : "0",
                     "File::Temp" : "0",
                     "overload" : "0",
                     "strict" : "0",
                     "vars" : "0",
                     "warnings" : "0"
                  }
               }
            },
            "provides" : {
               "File::pushd" : {
                  "file" : "lib/File/pushd.pm",
                  "version" : "1.003"
               }
            },
            "release_status" : "stable",
            "resources" : {
               "bugtracker" : {
                  "web" : "https://rt.cpan.org/Public/Dist/Display.html?Name=File-pushd"
               },
               "homepage" : "https://metacpan.org/release/File-pushd",
               "repository" : {
                  "type" : "git",
                  "url" : "git://github.com/dagolden/file-pushd.git"
               }
            },
            "version" : "1.003"
         },
         "name" : "File::pushd",
         "pathname" : "D/DA/DAGOLDEN/File-pushd-1.003.tar.gz",
         "provides" : {
            "File::pushd" : {
               "file" : "File/pushd.pm",
               "version" : "1.003"
            }
         },
         "target" : "File::pushd",
         "version" : "1.003"
      },
      "IPC::Cmd" : {
         "dist" : "IPC-Cmd-0.78",
         "mymeta" : {
            "abstract" : "A cross platform way of running (interactive) commandline programs.",
            "author" : [
               "Jos Boumans <kane[at]cpan.org>"
            ],
            "dynamic_config" : 0,
            "generated_by" : "ExtUtils::MakeMaker version 6.62, CPAN::Meta::Converter version 2.120921",
            "license" : [
               "perl_5"
            ],
            "meta-spec" : {
               "url" : "http://search.cpan.org/perldoc?CPAN::Meta::Spec",
               "version" : "2"
            },
            "name" : "IPC-Cmd",
            "no_index" : {
               "directory" : [
                  "t",
                  "inc"
               ]
            },
            "prereqs" : {
               "build" : {
                  "requires" : {
                     "ExtUtils::MakeMaker" : "0"
                  }
               },
               "configure" : {
                  "requires" : {
                     "ExtUtils::MakeMaker" : "0"
                  }
               },
               "runtime" : {
                  "requires" : {
                     "ExtUtils::MakeMaker" : "0",
                     "File::Spec" : "0",
                     "Locale::Maketext::Simple" : "0",
                     "Module::Load::Conditional" : "0",
                     "Params::Check" : "0.20",
                     "Test::More" : "0"
                  }
               }
            },
            "release_status" : "stable",
            "resources" : {
               "repository" : {
                  "url" : "https://github.com/jib/ipc-cmd"
               }
            },
            "version" : "0.78"
         },
         "name" : "IPC::Cmd",
         "pathname" : "B/BI/BINGOS/IPC-Cmd-0.78.tar.gz",
         "provides" : {
            "IPC::Cmd" : {
               "file" : "IPC/Cmd.pm",
               "version" : "0.78"
            }
         },
         "target" : "IPC::Cmd",
         "version" : "0.78"
      },
      "Perl::Build" : {
         "dist" : "Perl-Build-0.03",
         "mymeta" : {
            "abstract" : "perl builder",
            "author" : [
               "Tokuhiro Matsuno E<lt>tokuhirom AAJKLFJEF@ GMAIL COME<gt>"
            ],
            "dynamic_config" : 0,
            "generated_by" : "Module::Build version 0.4003, CPAN::Meta::Converter version 2.120630, CPAN::Meta::Converter version 2.120921",
            "license" : [
               "perl_5"
            ],
            "meta-spec" : {
               "url" : "http://search.cpan.org/perldoc?CPAN::Meta::Spec",
               "version" : "2"
            },
            "name" : "Perl-Build",
            "no_index" : {
               "directory" : [
                  "inc"
               ]
            },
            "prereqs" : {
               "build" : {
                  "requires" : {
                     "Test::More" : "0.98",
                     "Test::Requires" : "0"
                  }
               },
               "configure" : {
                  "requires" : {
                     "Module::Build" : "0.38"
                  }
               },
               "runtime" : {
                  "requires" : {
                     "CPAN::Perl::Releases" : "0",
                     "Devel::PatchPerl" : "0",
                     "File::pushd" : "0",
                     "perl" : "5.008005"
                  }
               }
            },
            "provides" : {
               "Perl::Build" : {
                  "file" : "lib/Perl/Build.pm",
                  "version" : "0.03"
               }
            },
            "release_status" : "stable",
            "resources" : {
               "license" : [
                  "http://dev.perl.org/licenses/"
               ]
            },
            "version" : "0.03"
         },
         "name" : "Perl::Build",
         "pathname" : "T/TO/TOKUHIROM/Perl-Build-0.03.tar.gz",
         "provides" : {
            "Perl::Build" : {
               "file" : "Perl/Build.pm",
               "version" : "0.03"
            }
         },
         "target" : "Perl::Build",
         "version" : "0.03"
      },
      "Test::Requires" : {
         "dist" : "Test-Requires-0.06",
         "mymeta" : {
            "abstract" : "Checks to see if the module can be loaded",
            "author" : [
               "Tokuhiro Matsuno <tokuhirom @*(#RJKLFHFSDLJF gmail.com>"
            ],
            "dynamic_config" : 0,
            "generated_by" : "Module::Install version 1.00, CPAN::Meta::Converter version 2.120630, CPAN::Meta::Converter version 2.120921",
            "license" : [
               "perl_5"
            ],
            "meta-spec" : {
               "url" : "http://search.cpan.org/perldoc?CPAN::Meta::Spec",
               "version" : "2"
            },
            "name" : "Test-Requires",
            "no_index" : {
               "directory" : [
                  "inc",
                  "t",
                  "xt"
               ]
            },
            "prereqs" : {
               "build" : {
                  "requires" : {
                     "ExtUtils::MakeMaker" : "6.42"
                  }
               },
               "configure" : {
                  "requires" : {
                     "ExtUtils::MakeMaker" : "6.42"
                  }
               },
               "runtime" : {
                  "requires" : {
                     "Test::More" : "0.61",
                     "perl" : "5.006"
                  }
               }
            },
            "release_status" : "stable",
            "resources" : {
               "license" : [
                  "http://dev.perl.org/licenses/"
               ]
            },
            "version" : "0.06"
         },
         "name" : "Test::Requires",
         "pathname" : "T/TO/TOKUHIROM/Test-Requires-0.06.tar.gz",
         "provides" : {
            "Test::Requires" : {
               "file" : "Test/Requires.pm",
               "version" : "0.06"
            }
         },
         "target" : "Test::Requires",
         "version" : "0.06"
      }
   },
   "version" : "0.9"
}
