{
   "modules" : {
      "version" : {
         "dist" : "version-0.9901",
         "mymeta" : {
            "abstract" : "Structured version objects",
            "author" : [
               "John Peacock <jpeacock@cpan.org>"
            ],
            "dynamic_config" : 0,
            "generated_by" : "ExtUtils::MakeMaker version 6.57_05, CPAN::Meta::Converter version 2.120921",
            "license" : [
               "perl_5"
            ],
            "meta-spec" : {
               "url" : "http://search.cpan.org/perldoc?CPAN::Meta::Spec",
               "version" : "2"
            },
            "name" : "version",
            "no_index" : {
               "directory" : [
                  "t",
                  "inc"
               ]
            },
            "prereqs" : {
               "build" : {
                  "requires" : {
                     "ExtUtils::MakeMaker" : "0"
                  }
               },
               "configure" : {
                  "requires" : {
                     "ExtUtils::MakeMaker" : "0"
                  }
               },
               "runtime" : {
                  "requires" : {
                     "File::Temp" : "0.13",
                     "Test::More" : "0.45"
                  }
               }
            },
            "release_status" : "stable",
            "version" : "0.9901"
         },
         "name" : "version",
         "pathname" : "J/JP/JPEACOCK/version-0.9901.tar.gz",
         "provides" : {
            "charstar" : {
               "file" : "version/vpp.pm"
            },
            "version" : {
               "file" : "version.pm",
               "version" : "0.9901"
            },
            "version::vpp" : {
               "file" : "version/vpp.pm",
               "version" : "0.9901"
            }
         },
         "target" : "version",
         "version" : "0.9901"
      }
   },
   "version" : "0.9"
}
